Microsoft Visual Studio Solution File, Format Version 12.00
# Visual Studio Version 17
VisualStudioVersion = 17.5.2.0
MinimumVisualStudioVersion = 10.0.40219.1
Project("{FAE04EC0-301F-11D3-BF4B-00C04F79EFBC}") = "ReactorRouterSample", "ReactorRouterSample.csproj", "{B75E385A-BE7F-9E7B-217D-6587BE431BE4}"
EndProject
Global
	GlobalSection(SolutionConfigurationPlatforms) = preSolution
		Debug|Any CPU = Debug|Any CPU
		Release|Any CPU = Release|Any CPU
	EndGlobalSection
	GlobalSection(ProjectConfigurationPlatforms) = postSolution
		{B75E385A-BE7F-9E7B-217D-6587BE431BE4}.Debug|Any CPU.ActiveCfg = Debug|Any CPU
		{B75E385A-BE7F-9E7B-217D-6587BE431BE4}.Debug|Any CPU.Build.0 = Debug|Any CPU
		{B75E385A-BE7F-9E7B-217D-6587BE431BE4}.Release|Any CPU.ActiveCfg = Release|Any CPU
		{B75E385A-BE7F-9E7B-217D-6587BE431BE4}.Release|Any CPU.Build.0 = Release|Any CPU
	EndGlobalSection
	GlobalSection(SolutionProperties) = preSolution
		HideSolutionNode = FALSE
	EndGlobalSection
	GlobalSection(ExtensibilityGlobals) = postSolution
		SolutionGuid = {B269C4C3-3DF7-4DEB-B3F9-BF4A250B1417}
	EndGlobalSection
EndGlobal
